{
  "name": "fundamental-vue-docs",
  "version": "1.0.0",
  "lockfileVersion": 1,
  "requires": true,
  "dependencies": {
    "fiori-fundamentals": {
      "version": "1.4.2",
      "resolved": "https://registry.npmjs.org/fiori-fundamentals/-/fiori-fundamentals-1.4.2.tgz",
      "integrity": "sha512-1o4bvzG74Wl/Rrgv5egwTClr2gTJP0rB8Ja7Vg4QA0BqSBUO1Azgtapup/oRIA+VZ4fboLOp5MN3GSXZ+nweoQ=="
    },
    "vue-router": {
      "version": "3.0.2",
      "resolved": "https://registry.npmjs.org/vue-router/-/vue-router-3.0.2.tgz",
      "integrity": "sha512-opKtsxjp9eOcFWdp6xLQPLmRGgfM932Tl56U9chYTnoWqKxQ8M20N7AkdEbM5beUh6wICoFGYugAX9vQjyJLFg=="
    }
  }
}
