{
  "name": "fundamental-vue-docs",
  "version": "1.0.0",
  "lockfileVersion": 1,
  "requires": true,
  "dependencies": {
    "fiori-fundamentals": {
      "version": "1.4.1",
      "resolved": "https://registry.npmjs.org/fiori-fundamentals/-/fiori-fundamentals-1.4.1.tgz",
      "integrity": "sha512-llWVhfp9Qowig8SHBHUntLXiRnthrNTs/rS4A74fYsE2VARWaSUp67ZH9D3gpci4UTfalF6MV2hAeqjKNGLaFg=="
    },
    "vue-router": {
      "version": "3.0.2",
      "resolved": "https://registry.npmjs.org/vue-router/-/vue-router-3.0.2.tgz",
      "integrity": "sha512-opKtsxjp9eOcFWdp6xLQPLmRGgfM932Tl56U9chYTnoWqKxQ8M20N7AkdEbM5beUh6wICoFGYugAX9vQjyJLFg=="
    }
  }
}
